
Microsoft Visual Studio Solution File, Format Version 12.00
# Visual Studio Version 17
VisualStudioVersion = 17.5.33530.505
MinimumVisualStudioVersion = 10.0.40219.1
Project("{9A19103F-16F7-4668-BE54-9A1E7A4F7556}") = "TicTacToe.Api", "TicTacToe.Api.csproj", "{FFED823B-CB6A-4217-87CE-F4043957EB7C}"
EndProject
Global
	GlobalSection(SolutionConfigurationPlatforms) = preSolution
		Debug|Any CPU = Debug|Any CPU
		Release|Any CPU = Release|Any CPU
	EndGlobalSection
	GlobalSection(ProjectConfigurationPlatforms) = postSolution
		{FFED823B-CB6A-4217-87CE-F4043957EB7C}.Debug|Any CPU.ActiveCfg = Debug|Any CPU
		{FFED823B-CB6A-4217-87CE-F4043957EB7C}.Debug|Any CPU.Build.0 = Debug|Any CPU
		{FFED823B-CB6A-4217-87CE-F4043957EB7C}.Release|Any CPU.ActiveCfg = Release|Any CPU
		{FFED823B-CB6A-4217-87CE-F4043957EB7C}.Release|Any CPU.Build.0 = Release|Any CPU
	EndGlobalSection
	GlobalSection(SolutionProperties) = preSolution
		HideSolutionNode = FALSE
	EndGlobalSection
	GlobalSection(ExtensibilityGlobals) = postSolution
		SolutionGuid = {4E0A3397-1436-4F5E-B13A-2B5054F8B482}
	EndGlobalSection
EndGlobal
